
Microsoft Visual Studio Solution File, Format Version 12.00
# Visual Studio Version 17
VisualStudioVersion = 17.5.001.0
MinimumVisualStudioVersion = 10.0.40219.1
Project("{9A19103F-16F7-4668-BE54-9A1E7A4F7556}") = "taskOne", "taskOne.csproj", "{127B66CF-CD85-4A29-8660-65C41F004545}"
EndProject
Global
	GlobalSection(SolutionConfigurationPlatforms) = preSolution
		Debug|Any CPU = Debug|Any CPU
		Release|Any CPU = Release|Any CPU
	EndGlobalSection
	GlobalSection(ProjectConfigurationPlatforms) = postSolution
		{127B66CF-CD85-4A29-8660-65C41F004545}.Debug|Any CPU.ActiveCfg = Debug|Any CPU
		{127B66CF-CD85-4A29-8660-65C41F004545}.Debug|Any CPU.Build.0 = Debug|Any CPU
		{127B66CF-CD85-4A29-8660-65C41F004545}.Release|Any CPU.ActiveCfg = Release|Any CPU
		{127B66CF-CD85-4A29-8660-65C41F004545}.Release|Any CPU.Build.0 = Release|Any CPU
	EndGlobalSection
	GlobalSection(SolutionProperties) = preSolution
		HideSolutionNode = FALSE
	EndGlobalSection
	GlobalSection(ExtensibilityGlobals) = postSolution
		SolutionGuid = {019C63EC-BC5D-45BD-A8D5-C01A68CFB577}
	EndGlobalSection
EndGlobal
